
Microsoft Visual Studio Solution File, Format Version 12.00
# Visual Studio Version 17
VisualStudioVersion = 17.3.32811.315
MinimumVisualStudioVersion = 10.0.40219.1
Project("{FAE04EC0-301F-11D3-BF4B-00C04F79EFBC}") = "Ejercicio01.Android", "Ejercicio01\Ejercicio01.Android\Ejercicio01.Android.csproj", "{88E4E924-3710-44CD-BBB1-F004DFC19A83}"
EndProject
Project("{FAE04EC0-301F-11D3-BF4B-00C04F79EFBC}") = "Ejercicio01.iOS", "Ejercicio01\Ejercicio01.iOS\Ejercicio01.iOS.csproj", "{2A6A8D2B-9B41-4135-B087-2E3314DC0816}"
EndProject
Project("{FAE04EC0-301F-11D3-BF4B-00C04F79EFBC}") = "Ejercicio01", "Ejercicio01\Ejercicio01\Ejercicio01.csproj", "{0572FE22-732D-4CF7-BAE6-6E894FE127B4}"
EndProject
Global
	GlobalSection(SolutionConfigurationPlatforms) = preSolution
		Debug|Any CPU = Debug|Any CPU
		Debug|iPhone = Debug|iPhone
		Debug|iPhoneSimulator = Debug|iPhoneSimulator
		Release|Any CPU = Release|Any CPU
		Release|iPhone = Release|iPhone
		Release|iPhoneSimulator = Release|iPhoneSimulator
	EndGlobalSection
	GlobalSection(ProjectConfigurationPlatforms) = postSolution
		{88E4E924-3710-44CD-BBB1-F004DFC19A83}.Debug|Any CPU.ActiveCfg = Debug|Any CPU
		{88E4E924-3710-44CD-BBB1-F004DFC19A83}.Debug|Any CPU.Build.0 = Debug|Any CPU
		{88E4E924-3710-44CD-BBB1-F004DFC19A83}.Debug|Any CPU.Deploy.0 = Debug|Any CPU
		{88E4E924-3710-44CD-BBB1-F004DFC19A83}.Debug|iPhone.ActiveCfg = Debug|Any CPU
		{88E4E924-3710-44CD-BBB1-F004DFC19A83}.Debug|iPhone.Build.0 = Debug|Any CPU
		{88E4E924-3710-44CD-BBB1-F004DFC19A83}.Debug|iPhone.Deploy.0 = Debug|Any CPU
		{88E4E924-3710-44CD-BBB1-F004DFC19A83}.Debug|iPhoneSimulator.ActiveCfg = Debug|Any CPU
		{88E4E924-3710-44CD-BBB1-F004DFC19A83}.Debug|iPhoneSimulator.Build.0 = Debug|Any CPU
		{88E4E924-3710-44CD-BBB1-F004DFC19A83}.Debug|iPhoneSimulator.Deploy.0 = Debug|Any CPU
		{88E4E924-3710-44CD-BBB1-F004DFC19A83}.Release|Any CPU.ActiveCfg = Release|Any CPU
		{88E4E924-3710-44CD-BBB1-F004DFC19A83}.Release|Any CPU.Build.0 = Release|Any CPU
		{88E4E924-3710-44CD-BBB1-F004DFC19A83}.Release|Any CPU.Deploy.0 = Release|Any CPU
		{88E4E924-3710-44CD-BBB1-F004DFC19A83}.Release|iPhone.ActiveCfg = Release|Any CPU
		{88E4E924-3710-44CD-BBB1-F004DFC19A83}.Release|iPhone.Build.0 = Release|Any CPU
		{88E4E924-3710-44CD-BBB1-F004DFC19A83}.Release|iPhone.Deploy.0 = Release|Any CPU
		{88E4E924-3710-44CD-BBB1-F004DFC19A83}.Release|iPhoneSimulator.ActiveCfg = Release|Any CPU
		{88E4E924-3710-44CD-BBB1-F004DFC19A83}.Release|iPhoneSimulator.Build.0 = Release|Any CPU
		{88E4E924-3710-44CD-BBB1-F004DFC19A83}.Release|iPhoneSimulator.Deploy.0 = Release|Any CPU
		{2A6A8D2B-9B41-4135-B087-2E3314DC0816}.Debug|Any CPU.ActiveCfg = Debug|iPhone
		{2A6A8D2B-9B41-4135-B087-2E3314DC0816}.Debug|Any CPU.Build.0 = Debug|iPhone
		{2A6A8D2B-9B41-4135-B087-2E3314DC0816}.Debug|Any CPU.Deploy.0 = Debug|iPhone
		{2A6A8D2B-9B41-4135-B087-2E3314DC0816}.Debug|iPhone.ActiveCfg = Debug|iPhone
		{2A6A8D2B-9B41-4135-B087-2E3314DC0816}.Debug|iPhone.Build.0 = Debug|iPhone
		{2A6A8D2B-9B41-4135-B087-2E3314DC0816}.Debug|iPhone.Deploy.0 = Debug|iPhone
		{2A6A8D2B-9B41-4135-B087-2E3314DC0816}.Debug|iPhoneSimulator.ActiveCfg = Debug|iPhoneSimulator
		{2A6A8D2B-9B41-4135-B087-2E3314DC0816}.Debug|iPhoneSimulator.Build.0 = Debug|iPhoneSimulator
		{2A6A8D2B-9B41-4135-B087-2E3314DC0816}.Debug|iPhoneSimulator.Deploy.0 = Debug|iPhoneSimulator
		{2A6A8D2B-9B41-4135-B087-2E3314DC0816}.Release|Any CPU.ActiveCfg = Release|iPhoneSimulator
		{2A6A8D2B-9B41-4135-B087-2E3314DC0816}.Release|Any CPU.Build.0 = Release|iPhoneSimulator
		{2A6A8D2B-9B41-4135-B087-2E3314DC0816}.Release|Any CPU.Deploy.0 = Release|iPhoneSimulator
		{2A6A8D2B-9B41-4135-B087-2E3314DC0816}.Release|iPhone.ActiveCfg = Release|iPhone
		{2A6A8D2B-9B41-4135-B087-2E3314DC0816}.Release|iPhone.Build.0 = Release|iPhone
		{2A6A8D2B-9B41-4135-B087-2E3314DC0816}.Release|iPhone.Deploy.0 = Release|iPhone
		{2A6A8D2B-9B41-4135-B087-2E3314DC0816}.Release|iPhoneSimulator.ActiveCfg = Release|iPhoneSimulator
		{2A6A8D2B-9B41-4135-B087-2E3314DC0816}.Release|iPhoneSimulator.Build.0 = Release|iPhoneSimulator
		{2A6A8D2B-9B41-4135-B087-2E3314DC0816}.Release|iPhoneSimulator.Deploy.0 = Release|iPhoneSimulator
		{0572FE22-732D-4CF7-BAE6-6E894FE127B4}.Debug|Any CPU.ActiveCfg = Debug|Any CPU
		{0572FE22-732D-4CF7-BAE6-6E894FE127B4}.Debug|Any CPU.Build.0 = Debug|Any CPU
		{0572FE22-732D-4CF7-BAE6-6E894FE127B4}.Debug|Any CPU.Deploy.0 = Debug|Any CPU
		{0572FE22-732D-4CF7-BAE6-6E894FE127B4}.Debug|iPhone.ActiveCfg = Debug|Any CPU
		{0572FE22-732D-4CF7-BAE6-6E894FE127B4}.Debug|iPhone.Build.0 = Debug|Any CPU
		{0572FE22-732D-4CF7-BAE6-6E894FE127B4}.Debug|iPhone.Deploy.0 = Debug|Any CPU
		{0572FE22-732D-4CF7-BAE6-6E894FE127B4}.Debug|iPhoneSimulator.ActiveCfg = Debug|Any CPU
		{0572FE22-732D-4CF7-BAE6-6E894FE127B4}.Debug|iPhoneSimulator.Build.0 = Debug|Any CPU
		{0572FE22-732D-4CF7-BAE6-6E894FE127B4}.Debug|iPhoneSimulator.Deploy.0 = Debug|Any CPU
		{0572FE22-732D-4CF7-BAE6-6E894FE127B4}.Release|Any CPU.ActiveCfg = Release|Any CPU
		{0572FE22-732D-4CF7-BAE6-6E894FE127B4}.Release|Any CPU.Build.0 = Release|Any CPU
		{0572FE22-732D-4CF7-BAE6-6E894FE127B4}.Release|Any CPU.Deploy.0 = Release|Any CPU
		{0572FE22-732D-4CF7-BAE6-6E894FE127B4}.Release|iPhone.ActiveCfg = Release|Any CPU
		{0572FE22-732D-4CF7-BAE6-6E894FE127B4}.Release|iPhone.Build.0 = Release|Any CPU
		{0572FE22-732D-4CF7-BAE6-6E894FE127B4}.Release|iPhone.Deploy.0 = Release|Any CPU
		{0572FE22-732D-4CF7-BAE6-6E894FE127B4}.Release|iPhoneSimulator.ActiveCfg = Release|Any CPU
		{0572FE22-732D-4CF7-BAE6-6E894FE127B4}.Release|iPhoneSimulator.Build.0 = Release|Any CPU
		{0572FE22-732D-4CF7-BAE6-6E894FE127B4}.Release|iPhoneSimulator.Deploy.0 = Release|Any CPU
	EndGlobalSection
	GlobalSection(SolutionProperties) = preSolution
		HideSolutionNode = FALSE
	EndGlobalSection
	GlobalSection(ExtensibilityGlobals) = postSolution
		SolutionGuid = {730C7DB3-FDBB-4118-850C-9A8B62579149}
	EndGlobalSection
EndGlobal
